
Microsoft Visual Studio Solution File, Format Version 12.00
# Visual Studio Version 16
VisualStudioVersion = 16.0.31727.386
MinimumVisualStudioVersion = 10.0.40219.1
Project("{FAE04EC0-301F-11D3-BF4B-00C04F79EFBC}") = "AXJ0GV_HFT_2021221.Client", "AXJ0GV_HFT_2021221.Client\AXJ0GV_HFT_2021221.Client.csproj", "{7A74D213-6735-4203-AA9E-9BFF60FCFDEE}"
EndProject
Project("{FAE04EC0-301F-11D3-BF4B-00C04F79EFBC}") = "AXJ0GV_HFT_2021221.Models", "AXJ0GV_HFT_2021221.Models\AXJ0GV_HFT_2021221.Models.csproj", "{91822F8A-9A8A-4911-8D8D-E3197E2A2379}"
EndProject
Project("{FAE04EC0-301F-11D3-BF4B-00C04F79EFBC}") = "AXJ0GV_HFT_2021221.Data", "AXJ0GV_HFT_2021221.Data\AXJ0GV_HFT_2021221.Data.csproj", "{2D81FFC2-0837-4889-92CE-417443000D82}"
EndProject
Project("{FAE04EC0-301F-11D3-BF4B-00C04F79EFBC}") = "AXJ0GV_HFT_2021221.Logic", "AXJ0GV_HFT_2021221.Logic\AXJ0GV_HFT_2021221.Logic.csproj", "{637D4033-6649-46DF-8273-53B1BB82EF16}"
EndProject
Project("{FAE04EC0-301F-11D3-BF4B-00C04F79EFBC}") = "AXJ0GV_HFT_2021221.Repository", "AXJ0GV_HFT_2021221.Repository\AXJ0GV_HFT_2021221.Repository.csproj", "{74844544-067D-4F73-A0FD-70461F05FBE9}"
EndProject
Project("{FAE04EC0-301F-11D3-BF4B-00C04F79EFBC}") = "AXJ0GV_HFT_2021221.Endpoint", "AXJ0GV_HFT_2021221.Endpoint\AXJ0GV_HFT_2021221.Endpoint.csproj", "{61B2618F-6674-4CBD-A724-BE49CC9867C7}"
EndProject
Project("{FAE04EC0-301F-11D3-BF4B-00C04F79EFBC}") = "AXJ0GV_HFT_2021221.Test", "AXJ0GV_HFT_2021221.Test\AXJ0GV_HFT_2021221.Test.csproj", "{5CB5D37B-CB50-4EDD-BE59-A11EB1DD5DCF}"
EndProject
Project("{2150E333-8FDC-42A3-9474-1A3956D46DE8}") = "Backend", "Backend", "{68AA0D47-EFED-4FA7-B1CF-F5BDE1389C59}"
EndProject
Project("{2150E333-8FDC-42A3-9474-1A3956D46DE8}") = "Others", "Others", "{1B2E7109-92DF-4AC8-A435-6B8C5E60A261}"
	ProjectSection(SolutionItems) = preProject
		.gitignore = .gitignore
	EndProjectSection
EndProject
Project("{2150E333-8FDC-42A3-9474-1A3956D46DE8}") = "Frontend", "Frontend", "{A0940632-ED9F-4068-9DDD-28C3BFFCCE58}"
EndProject
Project("{2150E333-8FDC-42A3-9474-1A3956D46DE8}") = "Shared", "Shared", "{AFC8AE48-C2B9-4682-8107-09114CFFE553}"
EndProject
Global
	GlobalSection(SolutionConfigurationPlatforms) = preSolution
		Debug|Any CPU = Debug|Any CPU
		Release|Any CPU = Release|Any CPU
	EndGlobalSection
	GlobalSection(ProjectConfigurationPlatforms) = postSolution
		{7A74D213-6735-4203-AA9E-9BFF60FCFDEE}.Debug|Any CPU.ActiveCfg = Debug|Any CPU
		{7A74D213-6735-4203-AA9E-9BFF60FCFDEE}.Debug|Any CPU.Build.0 = Debug|Any CPU
		{7A74D213-6735-4203-AA9E-9BFF60FCFDEE}.Release|Any CPU.ActiveCfg = Release|Any CPU
		{7A74D213-6735-4203-AA9E-9BFF60FCFDEE}.Release|Any CPU.Build.0 = Release|Any CPU
		{91822F8A-9A8A-4911-8D8D-E3197E2A2379}.Debug|Any CPU.ActiveCfg = Debug|Any CPU
		{91822F8A-9A8A-4911-8D8D-E3197E2A2379}.Debug|Any CPU.Build.0 = Debug|Any CPU
		{91822F8A-9A8A-4911-8D8D-E3197E2A2379}.Release|Any CPU.ActiveCfg = Release|Any CPU
		{91822F8A-9A8A-4911-8D8D-E3197E2A2379}.Release|Any CPU.Build.0 = Release|Any CPU
		{2D81FFC2-0837-4889-92CE-417443000D82}.Debug|Any CPU.ActiveCfg = Debug|Any CPU
		{2D81FFC2-0837-4889-92CE-417443000D82}.Debug|Any CPU.Build.0 = Debug|Any CPU
		{2D81FFC2-0837-4889-92CE-417443000D82}.Release|Any CPU.ActiveCfg = Release|Any CPU
		{2D81FFC2-0837-4889-92CE-417443000D82}.Release|Any CPU.Build.0 = Release|Any CPU
		{637D4033-6649-46DF-8273-53B1BB82EF16}.Debug|Any CPU.ActiveCfg = Debug|Any CPU
		{637D4033-6649-46DF-8273-53B1BB82EF16}.Debug|Any CPU.Build.0 = Debug|Any CPU
		{637D4033-6649-46DF-8273-53B1BB82EF16}.Release|Any CPU.ActiveCfg = Release|Any CPU
		{637D4033-6649-46DF-8273-53B1BB82EF16}.Release|Any CPU.Build.0 = Release|Any CPU
		{74844544-067D-4F73-A0FD-70461F05FBE9}.Debug|Any CPU.ActiveCfg = Debug|Any CPU
		{74844544-067D-4F73-A0FD-70461F05FBE9}.Debug|Any CPU.Build.0 = Debug|Any CPU
		{74844544-067D-4F73-A0FD-70461F05FBE9}.Release|Any CPU.ActiveCfg = Release|Any CPU
		{74844544-067D-4F73-A0FD-70461F05FBE9}.Release|Any CPU.Build.0 = Release|Any CPU
		{61B2618F-6674-4CBD-A724-BE49CC9867C7}.Debug|Any CPU.ActiveCfg = Debug|Any CPU
		{61B2618F-6674-4CBD-A724-BE49CC9867C7}.Debug|Any CPU.Build.0 = Debug|Any CPU
		{61B2618F-6674-4CBD-A724-BE49CC9867C7}.Release|Any CPU.ActiveCfg = Release|Any CPU
		{61B2618F-6674-4CBD-A724-BE49CC9867C7}.Release|Any CPU.Build.0 = Release|Any CPU
		{5CB5D37B-CB50-4EDD-BE59-A11EB1DD5DCF}.Debug|Any CPU.ActiveCfg = Debug|Any CPU
		{5CB5D37B-CB50-4EDD-BE59-A11EB1DD5DCF}.Debug|Any CPU.Build.0 = Debug|Any CPU
		{5CB5D37B-CB50-4EDD-BE59-A11EB1DD5DCF}.Release|Any CPU.ActiveCfg = Release|Any CPU
		{5CB5D37B-CB50-4EDD-BE59-A11EB1DD5DCF}.Release|Any CPU.Build.0 = Release|Any CPU
	EndGlobalSection
	GlobalSection(SolutionProperties) = preSolution
		HideSolutionNode = FALSE
	EndGlobalSection
	GlobalSection(NestedProjects) = preSolution
		{7A74D213-6735-4203-AA9E-9BFF60FCFDEE} = {A0940632-ED9F-4068-9DDD-28C3BFFCCE58}
		{91822F8A-9A8A-4911-8D8D-E3197E2A2379} = {AFC8AE48-C2B9-4682-8107-09114CFFE553}
		{2D81FFC2-0837-4889-92CE-417443000D82} = {68AA0D47-EFED-4FA7-B1CF-F5BDE1389C59}
		{637D4033-6649-46DF-8273-53B1BB82EF16} = {68AA0D47-EFED-4FA7-B1CF-F5BDE1389C59}
		{74844544-067D-4F73-A0FD-70461F05FBE9} = {68AA0D47-EFED-4FA7-B1CF-F5BDE1389C59}
		{61B2618F-6674-4CBD-A724-BE49CC9867C7} = {68AA0D47-EFED-4FA7-B1CF-F5BDE1389C59}
		{5CB5D37B-CB50-4EDD-BE59-A11EB1DD5DCF} = {68AA0D47-EFED-4FA7-B1CF-F5BDE1389C59}
	EndGlobalSection
	GlobalSection(ExtensibilityGlobals) = postSolution
		SolutionGuid = {AE47AD47-AFE1-4605-888F-57D92220C57D}
	EndGlobalSection
EndGlobal
